
Microsoft Visual Studio Solution File, Format Version 12.00
# Visual Studio 15
VisualStudioVersion = 15.0.27130.2024
MinimumVisualStudioVersion = 10.0.40219.1
Project("{FAE04EC0-301F-11D3-BF4B-00C04F79EFBC}") = "AutoTestDan", "AutoTestDan\AutoTestDan.csproj", "{2567ED45-8E59-4AEB-A65B-028D8DADF313}"
EndProject
Global
	GlobalSection(SolutionConfigurationPlatforms) = preSolution
		Debug|Any CPU = Debug|Any CPU
		Release|Any CPU = Release|Any CPU
	EndGlobalSection
	GlobalSection(ProjectConfigurationPlatforms) = postSolution
		{2567ED45-8E59-4AEB-A65B-028D8DADF313}.Debug|Any CPU.ActiveCfg = Debug|Any CPU
		{2567ED45-8E59-4AEB-A65B-028D8DADF313}.Debug|Any CPU.Build.0 = Debug|Any CPU
		{2567ED45-8E59-4AEB-A65B-028D8DADF313}.Release|Any CPU.ActiveCfg = Release|Any CPU
		{2567ED45-8E59-4AEB-A65B-028D8DADF313}.Release|Any CPU.Build.0 = Release|Any CPU
	EndGlobalSection
	GlobalSection(SolutionProperties) = preSolution
		HideSolutionNode = FALSE
	EndGlobalSection
	GlobalSection(ExtensibilityGlobals) = postSolution
		SolutionGuid = {0286C35F-E898-4143-ADB3-45BD97BD96D5}
	EndGlobalSection
EndGlobal
